// !$*UTF8*$!
{
	archiveVersion = 1;
	classes = {
	};
	objectVersion = 50;
	objects = {

/* Begin PBXBuildFile section */
		0DB7ABBFC02C26B84B281C2D /* Pods_SEiOSUITests.framework in Frameworks */ = {isa = PBXBuildFile; fileRef = 14A1A1458B586C99D4D1F7BF /* Pods_SEiOSUITests.framework */; };
		25AECBEA20E3AC570077BBF7 /* SESettingsCell.swift in Sources */ = {isa = PBXBuildFile; fileRef = 25AECBE820E3AC570077BBF7 /* SESettingsCell.swift */; };
		25AECBEB20E3AC570077BBF7 /* SESettingsCell.xib in Resources */ = {isa = PBXBuildFile; fileRef = 25AECBE920E3AC570077BBF7 /* SESettingsCell.xib */; };
		52B679D220D13F5C001D58E8 /* SECreateEventTableViewCell.swift in Sources */ = {isa = PBXBuildFile; fileRef = 52B679D020D13F5C001D58E8 /* SECreateEventTableViewCell.swift */; };
		52B679D320D13F5C001D58E8 /* SECreateEventTableViewCell.xib in Resources */ = {isa = PBXBuildFile; fileRef = 52B679D120D13F5C001D58E8 /* SECreateEventTableViewCell.xib */; };
		52B679DA20D3A752001D58E8 /* SEGlobalConstant.swift in Sources */ = {isa = PBXBuildFile; fileRef = 52B679D920D3A752001D58E8 /* SEGlobalConstant.swift */; };
		52B679DC20D3A7B2001D58E8 /* SELocalStoreSharedManager.swift in Sources */ = {isa = PBXBuildFile; fileRef = 52B679DB20D3A7B2001D58E8 /* SELocalStoreSharedManager.swift */; };
		52B679DE20D3A933001D58E8 /* SEWebServiceAPI.swift in Sources */ = {isa = PBXBuildFile; fileRef = 52B679DD20D3A933001D58E8 /* SEWebServiceAPI.swift */; };
		6A1F1A583EB0323DEABB87E7 /* Pods_SEiOS.framework in Frameworks */ = {isa = PBXBuildFile; fileRef = B242EE7E0C2B14867CA56D13 /* Pods_SEiOS.framework */; };
		C43939A0FDEB75637103B37E /* Pods_SEiOSTests.framework in Frameworks */ = {isa = PBXBuildFile; fileRef = C3DE44BA6EDA7EDB9935905D /* Pods_SEiOSTests.framework */; };
		D23D1DC320C4FF5A00022CD2 /* AppDelegate.swift in Sources */ = {isa = PBXBuildFile; fileRef = D23D1DC220C4FF5A00022CD2 /* AppDelegate.swift */; };
		D23D1DC820C4FF5A00022CD2 /* Main.storyboard in Resources */ = {isa = PBXBuildFile; fileRef = D23D1DC620C4FF5A00022CD2 /* Main.storyboard */; };
		D23D1DCA20C4FF5F00022CD2 /* Assets.xcassets in Resources */ = {isa = PBXBuildFile; fileRef = D23D1DC920C4FF5F00022CD2 /* Assets.xcassets */; };
		D23D1DCD20C4FF5F00022CD2 /* LaunchScreen.storyboard in Resources */ = {isa = PBXBuildFile; fileRef = D23D1DCB20C4FF5F00022CD2 /* LaunchScreen.storyboard */; };
		D23D1DD820C4FF5F00022CD2 /* SEiOSTests.swift in Sources */ = {isa = PBXBuildFile; fileRef = D23D1DD720C4FF5F00022CD2 /* SEiOSTests.swift */; };
		D23D1DE320C4FF5F00022CD2 /* SEiOSUITests.swift in Sources */ = {isa = PBXBuildFile; fileRef = D23D1DE220C4FF5F00022CD2 /* SEiOSUITests.swift */; };
		D23D1DF820C5040F00022CD2 /* SEMainViewController.swift in Sources */ = {isa = PBXBuildFile; fileRef = D23D1DF720C5040F00022CD2 /* SEMainViewController.swift */; };
		D2D1D1A920D0E15000766351 /* SEBaseViewController.swift in Sources */ = {isa = PBXBuildFile; fileRef = D2D1D1A820D0E15000766351 /* SEBaseViewController.swift */; };
		D2D1D1AC20D1094800766351 /* SECreateEventViewController.swift in Sources */ = {isa = PBXBuildFile; fileRef = D2D1D1AB20D1094800766351 /* SECreateEventViewController.swift */; };
		D2D1D1AE20D1096300766351 /* SEMyBookingsViewController.swift in Sources */ = {isa = PBXBuildFile; fileRef = D2D1D1AD20D1096300766351 /* SEMyBookingsViewController.swift */; };
		D2D1D1B020D109C500766351 /* SEMyContactsViewController.swift in Sources */ = {isa = PBXBuildFile; fileRef = D2D1D1AF20D109C500766351 /* SEMyContactsViewController.swift */; };
		D2D1D1B320D10D7F00766351 /* SERoomSearchViewController.swift in Sources */ = {isa = PBXBuildFile; fileRef = D2D1D1B220D10D7F00766351 /* SERoomSearchViewController.swift */; };
		D2D1D1B520D10E0800766351 /* SEPeopleSearchViewController.swift in Sources */ = {isa = PBXBuildFile; fileRef = D2D1D1B420D10E0800766351 /* SEPeopleSearchViewController.swift */; };
		D2D1D1B720D110F400766351 /* SEFilterViewController.swift in Sources */ = {isa = PBXBuildFile; fileRef = D2D1D1B620D110F400766351 /* SEFilterViewController.swift */; };
		D2D1D1BC20D1205B00766351 /* SERoomSearchTableViewCell.swift in Sources */ = {isa = PBXBuildFile; fileRef = D2D1D1BA20D1205B00766351 /* SERoomSearchTableViewCell.swift */; };
		D2D1D1BD20D1205B00766351 /* SERoomSearchTableViewCell.xib in Resources */ = {isa = PBXBuildFile; fileRef = D2D1D1BB20D1205B00766351 /* SERoomSearchTableViewCell.xib */; };
		D2D1D1BF20D124E000766351 /* cr4.jpg in Resources */ = {isa = PBXBuildFile; fileRef = D2D1D1BE20D124E000766351 /* cr4.jpg */; };
		D2D1D1C220D2259900766351 /* SEViewControllerSwitcher.swift in Sources */ = {isa = PBXBuildFile; fileRef = D2D1D1C120D2259900766351 /* SEViewControllerSwitcher.swift */; };
		D2D1D1C420D2261600766351 /* SEMianTabBarViewController.swift in Sources */ = {isa = PBXBuildFile; fileRef = D2D1D1C320D2261600766351 /* SEMianTabBarViewController.swift */; };
		D2D1D1C620D2316300766351 /* SESettingsViewController.swift in Sources */ = {isa = PBXBuildFile; fileRef = D2D1D1C520D2316300766351 /* SESettingsViewController.swift */; };
		D2D1D1C820D3DE8500766351 /* MeetingRoom.json in Resources */ = {isa = PBXBuildFile; fileRef = D2D1D1C720D3DE8500766351 /* MeetingRoom.json */; };
		D2D1D1CC20D3E14700766351 /* SEAttendeesListViewController.swift in Sources */ = {isa = PBXBuildFile; fileRef = D2D1D1CB20D3E14700766351 /* SEAttendeesListViewController.swift */; };
		D2D1D1CF20D3E2B400766351 /* SEAttendeesListCell.xib in Resources */ = {isa = PBXBuildFile; fileRef = D2D1D1CD20D3E2B400766351 /* SEAttendeesListCell.xib */; };
		D2D1D1D020D3E2B400766351 /* SEAttendeesListCell.swift in Sources */ = {isa = PBXBuildFile; fileRef = D2D1D1CE20D3E2B400766351 /* SEAttendeesListCell.swift */; };
		EF98358320DCE2BF00353C72 /* SECreateEventDatePickerTableViewCell.swift in Sources */ = {isa = PBXBuildFile; fileRef = EF98358120DCE2BE00353C72 /* SECreateEventDatePickerTableViewCell.swift */; };
		EF98358420DCE2BF00353C72 /* SECreateEventDatePickerTableViewCell.xib in Resources */ = {isa = PBXBuildFile; fileRef = EF98358220DCE2BE00353C72 /* SECreateEventDatePickerTableViewCell.xib */; };
		F589B8CB20D918D1004A3A18 /* SEAttendeeUserModel.swift in Sources */ = {isa = PBXBuildFile; fileRef = F589B8CA20D918D1004A3A18 /* SEAttendeeUserModel.swift */; };
		F589B8D020DA6887004A3A18 /* SEMyMeetingsCell.swift in Sources */ = {isa = PBXBuildFile; fileRef = F589B8CE20DA6887004A3A18 /* SEMyMeetingsCell.swift */; };
		F589B8D120DA6887004A3A18 /* SEMyMeetingsCell.xib in Resources */ = {isa = PBXBuildFile; fileRef = F589B8CF20DA6887004A3A18 /* SEMyMeetingsCell.xib */; };
		F589B8D320DA6F9E004A3A18 /* SEMyMeetingModel.swift in Sources */ = {isa = PBXBuildFile; fileRef = F589B8D220DA6F9E004A3A18 /* SEMyMeetingModel.swift */; };
/* End PBXBuildFile section */

/* Begin PBXContainerItemProxy section */
		D23D1DD420C4FF5F00022CD2 /* PBXContainerItemProxy */ = {
			isa = PBXContainerItemProxy;
			containerPortal = D23D1DB720C4FF5A00022CD2 /* Project object */;
			proxyType = 1;
			remoteGlobalIDString = D23D1DBE20C4FF5A00022CD2;
			remoteInfo = SEiOS;
		};
		D23D1DDF20C4FF5F00022CD2 /* PBXContainerItemProxy */ = {
			isa = PBXContainerItemProxy;
			containerPortal = D23D1DB720C4FF5A00022CD2 /* Project object */;
			proxyType = 1;
			remoteGlobalIDString = D23D1DBE20C4FF5A00022CD2;
			remoteInfo = SEiOS;
		};
/* End PBXContainerItemProxy section */

/* Begin PBXFileReference section */
		14A1A1458B586C99D4D1F7BF /* Pods_SEiOSUITests.framework */ = {isa = PBXFileReference; explicitFileType = wrapper.framework; includeInIndex = 0; path = Pods_SEiOSUITests.framework; sourceTree = BUILT_PRODUCTS_DIR; };
		21212F3FCCE7039416745910 /* Pods-SEiOS.release.xcconfig */ = {isa = PBXFileReference; includeInIndex = 1; lastKnownFileType = text.xcconfig; name = "Pods-SEiOS.release.xcconfig"; path = "Pods/Target Support Files/Pods-SEiOS/Pods-SEiOS.release.xcconfig"; sourceTree = "<group>"; };
		25AECBE820E3AC570077BBF7 /* SESettingsCell.swift */ = {isa = PBXFileReference; lastKnownFileType = sourcecode.swift; path = SESettingsCell.swift; sourceTree = "<group>"; };
		25AECBE920E3AC570077BBF7 /* SESettingsCell.xib */ = {isa = PBXFileReference; lastKnownFileType = file.xib; path = SESettingsCell.xib; sourceTree = "<group>"; };
		52B679D020D13F5C001D58E8 /* SECreateEventTableViewCell.swift */ = {isa = PBXFileReference; lastKnownFileType = sourcecode.swift; path = SECreateEventTableViewCell.swift; sourceTree = "<group>"; };
		52B679D120D13F5C001D58E8 /* SECreateEventTableViewCell.xib */ = {isa = PBXFileReference; lastKnownFileType = file.xib; path = SECreateEventTableViewCell.xib; sourceTree = "<group>"; };
		52B679D920D3A752001D58E8 /* SEGlobalConstant.swift */ = {isa = PBXFileReference; lastKnownFileType = sourcecode.swift; path = SEGlobalConstant.swift; sourceTree = "<group>"; };
		52B679DB20D3A7B2001D58E8 /* SELocalStoreSharedManager.swift */ = {isa = PBXFileReference; lastKnownFileType = sourcecode.swift; path = SELocalStoreSharedManager.swift; sourceTree = "<group>"; };
		52B679DD20D3A933001D58E8 /* SEWebServiceAPI.swift */ = {isa = PBXFileReference; lastKnownFileType = sourcecode.swift; name = SEWebServiceAPI.swift; path = "SEiOS/New Group/SEWebServiceAPI.swift"; sourceTree = SOURCE_ROOT; };
		7919B5C3A51BDCB724E014E3 /* Pods-SEiOSTests.debug.xcconfig */ = {isa = PBXFileReference; includeInIndex = 1; lastKnownFileType = text.xcconfig; name = "Pods-SEiOSTests.debug.xcconfig"; path = "Pods/Target Support Files/Pods-SEiOSTests/Pods-SEiOSTests.debug.xcconfig"; sourceTree = "<group>"; };
		7D4D89B50BB51904B6CF9B21 /* Pods-SEiOSUITests.release.xcconfig */ = {isa = PBXFileReference; includeInIndex = 1; lastKnownFileType = text.xcconfig; name = "Pods-SEiOSUITests.release.xcconfig"; path = "Pods/Target Support Files/Pods-SEiOSUITests/Pods-SEiOSUITests.release.xcconfig"; sourceTree = "<group>"; };
		B242EE7E0C2B14867CA56D13 /* Pods_SEiOS.framework */ = {isa = PBXFileReference; explicitFileType = wrapper.framework; includeInIndex = 0; path = Pods_SEiOS.framework; sourceTree = BUILT_PRODUCTS_DIR; };
		B27996B3673C0927BC5DB12D /* Pods-SEiOSUITests.debug.xcconfig */ = {isa = PBXFileReference; includeInIndex = 1; lastKnownFileType = text.xcconfig; name = "Pods-SEiOSUITests.debug.xcconfig"; path = "Pods/Target Support Files/Pods-SEiOSUITests/Pods-SEiOSUITests.debug.xcconfig"; sourceTree = "<group>"; };
		C3DE44BA6EDA7EDB9935905D /* Pods_SEiOSTests.framework */ = {isa = PBXFileReference; explicitFileType = wrapper.framework; includeInIndex = 0; path = Pods_SEiOSTests.framework; sourceTree = BUILT_PRODUCTS_DIR; };
		D23D1DBF20C4FF5A00022CD2 /* SEiOS.app */ = {isa = PBXFileReference; explicitFileType = wrapper.application; includeInIndex = 0; path = SEiOS.app; sourceTree = BUILT_PRODUCTS_DIR; };
		D23D1DC220C4FF5A00022CD2 /* AppDelegate.swift */ = {isa = PBXFileReference; lastKnownFileType = sourcecode.swift; path = AppDelegate.swift; sourceTree = "<group>"; };
		D23D1DC720C4FF5A00022CD2 /* Base */ = {isa = PBXFileReference; lastKnownFileType = file.storyboard; name = Base; path = Base.lproj/Main.storyboard; sourceTree = "<group>"; };
		D23D1DC920C4FF5F00022CD2 /* Assets.xcassets */ = {isa = PBXFileReference; lastKnownFileType = folder.assetcatalog; path = Assets.xcassets; sourceTree = "<group>"; };
		D23D1DCC20C4FF5F00022CD2 /* Base */ = {isa = PBXFileReference; lastKnownFileType = file.storyboard; name = Base; path = Base.lproj/LaunchScreen.storyboard; sourceTree = "<group>"; };
		D23D1DCE20C4FF5F00022CD2 /* Info.plist */ = {isa = PBXFileReference; lastKnownFileType = text.plist.xml; path = Info.plist; sourceTree = "<group>"; };
		D23D1DD320C4FF5F00022CD2 /* SEiOSTests.xctest */ = {isa = PBXFileReference; explicitFileType = wrapper.cfbundle; includeInIndex = 0; path = SEiOSTests.xctest; sourceTree = BUILT_PRODUCTS_DIR; };
		D23D1DD720C4FF5F00022CD2 /* SEiOSTests.swift */ = {isa = PBXFileReference; lastKnownFileType = sourcecode.swift; path = SEiOSTests.swift; sourceTree = "<group>"; };
		D23D1DD920C4FF5F00022CD2 /* Info.plist */ = {isa = PBXFileReference; lastKnownFileType = text.plist.xml; path = Info.plist; sourceTree = "<group>"; };
		D23D1DDE20C4FF5F00022CD2 /* SEiOSUITests.xctest */ = {isa = PBXFileReference; explicitFileType = wrapper.cfbundle; includeInIndex = 0; path = SEiOSUITests.xctest; sourceTree = BUILT_PRODUCTS_DIR; };
		D23D1DE220C4FF5F00022CD2 /* SEiOSUITests.swift */ = {isa = PBXFileReference; lastKnownFileType = sourcecode.swift; path = SEiOSUITests.swift; sourceTree = "<group>"; };
		D23D1DE420C4FF5F00022CD2 /* Info.plist */ = {isa = PBXFileReference; lastKnownFileType = text.plist.xml; path = Info.plist; sourceTree = "<group>"; };
		D23D1DF720C5040F00022CD2 /* SEMainViewController.swift */ = {isa = PBXFileReference; lastKnownFileType = sourcecode.swift; path = SEMainViewController.swift; sourceTree = "<group>"; };
		D2D1D1A820D0E15000766351 /* SEBaseViewController.swift */ = {isa = PBXFileReference; lastKnownFileType = sourcecode.swift; path = SEBaseViewController.swift; sourceTree = "<group>"; };
		D2D1D1AB20D1094800766351 /* SECreateEventViewController.swift */ = {isa = PBXFileReference; lastKnownFileType = sourcecode.swift; path = SECreateEventViewController.swift; sourceTree = "<group>"; };
		D2D1D1AD20D1096300766351 /* SEMyBookingsViewController.swift */ = {isa = PBXFileReference; lastKnownFileType = sourcecode.swift; path = SEMyBookingsViewController.swift; sourceTree = "<group>"; };
		D2D1D1AF20D109C500766351 /* SEMyContactsViewController.swift */ = {isa = PBXFileReference; lastKnownFileType = sourcecode.swift; path = SEMyContactsViewController.swift; sourceTree = "<group>"; };
		D2D1D1B220D10D7F00766351 /* SERoomSearchViewController.swift */ = {isa = PBXFileReference; lastKnownFileType = sourcecode.swift; path = SERoomSearchViewController.swift; sourceTree = "<group>"; };
		D2D1D1B420D10E0800766351 /* SEPeopleSearchViewController.swift */ = {isa = PBXFileReference; lastKnownFileType = sourcecode.swift; path = SEPeopleSearchViewController.swift; sourceTree = "<group>"; };
		D2D1D1B620D110F400766351 /* SEFilterViewController.swift */ = {isa = PBXFileReference; lastKnownFileType = sourcecode.swift; path = SEFilterViewController.swift; sourceTree = "<group>"; };
		D2D1D1BA20D1205B00766351 /* SERoomSearchTableViewCell.swift */ = {isa = PBXFileReference; lastKnownFileType = sourcecode.swift; path = SERoomSearchTableViewCell.swift; sourceTree = "<group>"; };
		D2D1D1BB20D1205B00766351 /* SERoomSearchTableViewCell.xib */ = {isa = PBXFileReference; lastKnownFileType = file.xib; path = SERoomSearchTableViewCell.xib; sourceTree = "<group>"; };
		D2D1D1BE20D124E000766351 /* cr4.jpg */ = {isa = PBXFileReference; lastKnownFileType = image.jpeg; path = cr4.jpg; sourceTree = "<group>"; };
		D2D1D1C120D2259900766351 /* SEViewControllerSwitcher.swift */ = {isa = PBXFileReference; lastKnownFileType = sourcecode.swift; path = SEViewControllerSwitcher.swift; sourceTree = "<group>"; };
		D2D1D1C320D2261600766351 /* SEMianTabBarViewController.swift */ = {isa = PBXFileReference; lastKnownFileType = sourcecode.swift; path = SEMianTabBarViewController.swift; sourceTree = "<group>"; };
		D2D1D1C520D2316300766351 /* SESettingsViewController.swift */ = {isa = PBXFileReference; lastKnownFileType = sourcecode.swift; path = SESettingsViewController.swift; sourceTree = "<group>"; };
		D2D1D1C720D3DE8500766351 /* MeetingRoom.json */ = {isa = PBXFileReference; fileEncoding = 4; lastKnownFileType = text.json; path = MeetingRoom.json; sourceTree = "<group>"; };
		D2D1D1CB20D3E14700766351 /* SEAttendeesListViewController.swift */ = {isa = PBXFileReference; fileEncoding = 4; lastKnownFileType = sourcecode.swift; path = SEAttendeesListViewController.swift; sourceTree = "<group>"; };
		D2D1D1CD20D3E2B400766351 /* SEAttendeesListCell.xib */ = {isa = PBXFileReference; fileEncoding = 4; lastKnownFileType = file.xib; path = SEAttendeesListCell.xib; sourceTree = "<group>"; };
		D2D1D1CE20D3E2B400766351 /* SEAttendeesListCell.swift */ = {isa = PBXFileReference; fileEncoding = 4; lastKnownFileType = sourcecode.swift; path = SEAttendeesListCell.swift; sourceTree = "<group>"; };
		D37B88C6C5AC4F9A0564C21B /* Pods-SEiOSTests.release.xcconfig */ = {isa = PBXFileReference; includeInIndex = 1; lastKnownFileType = text.xcconfig; name = "Pods-SEiOSTests.release.xcconfig"; path = "Pods/Target Support Files/Pods-SEiOSTests/Pods-SEiOSTests.release.xcconfig"; sourceTree = "<group>"; };
		EF98358120DCE2BE00353C72 /* SECreateEventDatePickerTableViewCell.swift */ = {isa = PBXFileReference; fileEncoding = 4; lastKnownFileType = sourcecode.swift; path = SECreateEventDatePickerTableViewCell.swift; sourceTree = "<group>"; };
		EF98358220DCE2BE00353C72 /* SECreateEventDatePickerTableViewCell.xib */ = {isa = PBXFileReference; fileEncoding = 4; lastKnownFileType = file.xib; path = SECreateEventDatePickerTableViewCell.xib; sourceTree = "<group>"; };
		F589B8CA20D918D1004A3A18 /* SEAttendeeUserModel.swift */ = {isa = PBXFileReference; lastKnownFileType = sourcecode.swift; name = SEAttendeeUserModel.swift; path = SEiOS/Views/TblViewCells/AttendeesCell/SEAttendeeUserModel.swift; sourceTree = SOURCE_ROOT; };
		F589B8CE20DA6887004A3A18 /* SEMyMeetingsCell.swift */ = {isa = PBXFileReference; lastKnownFileType = sourcecode.swift; path = SEMyMeetingsCell.swift; sourceTree = "<group>"; };
		F589B8CF20DA6887004A3A18 /* SEMyMeetingsCell.xib */ = {isa = PBXFileReference; lastKnownFileType = file.xib; path = SEMyMeetingsCell.xib; sourceTree = "<group>"; };
		F589B8D220DA6F9E004A3A18 /* SEMyMeetingModel.swift */ = {isa = PBXFileReference; lastKnownFileType = sourcecode.swift; name = SEMyMeetingModel.swift; path = SEiOS/Views/TblViewCells/SEMyMeetingModel.swift; sourceTree = SOURCE_ROOT; };
		FC6404E477EC32A496A6EDBE /* Pods-SEiOS.debug.xcconfig */ = {isa = PBXFileReference; includeInIndex = 1; lastKnownFileType = text.xcconfig; name = "Pods-SEiOS.debug.xcconfig"; path = "Pods/Target Support Files/Pods-SEiOS/Pods-SEiOS.debug.xcconfig"; sourceTree = "<group>"; };
/* End PBXFileReference section */

/* Begin PBXFrameworksBuildPhase section */
		D23D1DBC20C4FF5A00022CD2 /* Frameworks */ = {
			isa = PBXFrameworksBuildPhase;
			buildActionMask = 2147483647;
			files = (
				6A1F1A583EB0323DEABB87E7 /* Pods_SEiOS.framework in Frameworks */,
			);
			runOnlyForDeploymentPostprocessing = 0;
		};
		D23D1DD020C4FF5F00022CD2 /* Frameworks */ = {
			isa = PBXFrameworksBuildPhase;
			buildActionMask = 2147483647;
			files = (
				C43939A0FDEB75637103B37E /* Pods_SEiOSTests.framework in Frameworks */,
			);
			runOnlyForDeploymentPostprocessing = 0;
		};
		D23D1DDB20C4FF5F00022CD2 /* Frameworks */ = {
			isa = PBXFrameworksBuildPhase;
			buildActionMask = 2147483647;
			files = (
				0DB7ABBFC02C26B84B281C2D /* Pods_SEiOSUITests.framework in Frameworks */,
			);
			runOnlyForDeploymentPostprocessing = 0;
		};
/* End PBXFrameworksBuildPhase section */

/* Begin PBXGroup section */
		528A6A8620C514E3004C7FA7 /* Views */ = {
			isa = PBXGroup;
			children = (
				D2D1D1B820D1200100766351 /* Views */,
			);
			path = Views;
			sourceTree = "<group>";
		};
		528A6A8720C514ED004C7FA7 /* Model */ = {
			isa = PBXGroup;
			children = (
				52B679DD20D3A933001D58E8 /* SEWebServiceAPI.swift */,
				F589B8CA20D918D1004A3A18 /* SEAttendeeUserModel.swift */,
				F589B8D220DA6F9E004A3A18 /* SEMyMeetingModel.swift */,
			);
			path = Model;
			sourceTree = "<group>";
		};
		528A6A8820C514F4004C7FA7 /* UIControls */ = {
			isa = PBXGroup;
			children = (
			);
			path = UIControls;
			sourceTree = "<group>";
		};
		52B679CD20D13F12001D58E8 /* CreateEventCell */ = {
			isa = PBXGroup;
			children = (
				52B679D020D13F5C001D58E8 /* SECreateEventTableViewCell.swift */,
				52B679D120D13F5C001D58E8 /* SECreateEventTableViewCell.xib */,
				EF98358120DCE2BE00353C72 /* SECreateEventDatePickerTableViewCell.swift */,
				EF98358220DCE2BE00353C72 /* SECreateEventDatePickerTableViewCell.xib */,
			);
			path = CreateEventCell;
			sourceTree = "<group>";
		};
		52B679D520D277B4001D58E8 /* Utilties */ = {
			isa = PBXGroup;
			children = (
				52B679D920D3A752001D58E8 /* SEGlobalConstant.swift */,
				52B679DB20D3A7B2001D58E8 /* SELocalStoreSharedManager.swift */,
			);
			name = Utilties;
			path = "New Group";
			sourceTree = "<group>";
		};
		64B642D69E35460499D37D56 /* Pods */ = {
			isa = PBXGroup;
			children = (
				FC6404E477EC32A496A6EDBE /* Pods-SEiOS.debug.xcconfig */,
				21212F3FCCE7039416745910 /* Pods-SEiOS.release.xcconfig */,
				7919B5C3A51BDCB724E014E3 /* Pods-SEiOSTests.debug.xcconfig */,
				D37B88C6C5AC4F9A0564C21B /* Pods-SEiOSTests.release.xcconfig */,
				B27996B3673C0927BC5DB12D /* Pods-SEiOSUITests.debug.xcconfig */,
				7D4D89B50BB51904B6CF9B21 /* Pods-SEiOSUITests.release.xcconfig */,
			);
			name = Pods;
			sourceTree = "<group>";
		};
		D23D1DB620C4FF5A00022CD2 = {
			isa = PBXGroup;
			children = (
				D23D1DC120C4FF5A00022CD2 /* SEiOS */,
				D23D1DD620C4FF5F00022CD2 /* SEiOSTests */,
				D23D1DE120C4FF5F00022CD2 /* SEiOSUITests */,
				D23D1DC020C4FF5A00022CD2 /* Products */,
				64B642D69E35460499D37D56 /* Pods */,
				EEC1CC75226D96D8372A7397 /* Frameworks */,
			);
			sourceTree = "<group>";
		};
		D23D1DC020C4FF5A00022CD2 /* Products */ = {
			isa = PBXGroup;
			children = (
				D23D1DBF20C4FF5A00022CD2 /* SEiOS.app */,
				D23D1DD320C4FF5F00022CD2 /* SEiOSTests.xctest */,
				D23D1DDE20C4FF5F00022CD2 /* SEiOSUITests.xctest */,
			);
			name = Products;
			sourceTree = "<group>";
		};
		D23D1DC120C4FF5A00022CD2 /* SEiOS */ = {
			isa = PBXGroup;
			children = (
				D23D1DC220C4FF5A00022CD2 /* AppDelegate.swift */,
				D2D1D1A820D0E15000766351 /* SEBaseViewController.swift */,
				D2D1D1C020D2251800766351 /* Transitions */,
				528A6A8720C514ED004C7FA7 /* Model */,
				528A6A8620C514E3004C7FA7 /* Views */,
				D23D1DF320C5036900022CD2 /* ViewControllers */,
				528A6A8820C514F4004C7FA7 /* UIControls */,
				D23D1DF220C5032800022CD2 /* Storyboards */,
				D23D1DF120C5031900022CD2 /* Resources */,
				D23D1DCE20C4FF5F00022CD2 /* Info.plist */,
				52B679D520D277B4001D58E8 /* Utilties */,
			);
			path = SEiOS;
			sourceTree = "<group>";
		};
		D23D1DD620C4FF5F00022CD2 /* SEiOSTests */ = {
			isa = PBXGroup;
			children = (
				D23D1DD720C4FF5F00022CD2 /* SEiOSTests.swift */,
				D23D1DD920C4FF5F00022CD2 /* Info.plist */,
			);
			path = SEiOSTests;
			sourceTree = "<group>";
		};
		D23D1DE120C4FF5F00022CD2 /* SEiOSUITests */ = {
			isa = PBXGroup;
			children = (
				D23D1DE220C4FF5F00022CD2 /* SEiOSUITests.swift */,
				D23D1DE420C4FF5F00022CD2 /* Info.plist */,
			);
			path = SEiOSUITests;
			sourceTree = "<group>";
		};
		D23D1DF120C5031900022CD2 /* Resources */ = {
			isa = PBXGroup;
			children = (
				D2D1D1C720D3DE8500766351 /* MeetingRoom.json */,
				D2D1D1BE20D124E000766351 /* cr4.jpg */,
				D23D1DC920C4FF5F00022CD2 /* Assets.xcassets */,
			);
			path = Resources;
			sourceTree = "<group>";
		};
		D23D1DF220C5032800022CD2 /* Storyboards */ = {
			isa = PBXGroup;
			children = (
				D23D1DCB20C4FF5F00022CD2 /* LaunchScreen.storyboard */,
				D23D1DC620C4FF5A00022CD2 /* Main.storyboard */,
			);
			path = Storyboards;
			sourceTree = "<group>";
		};
		D23D1DF320C5036900022CD2 /* ViewControllers */ = {
			isa = PBXGroup;
			children = (
				D2D1D1B120D10D5500766351 /* Model */,
				D2D1D1AA20D0E48100766351 /* Tab */,
				D23D1DF720C5040F00022CD2 /* SEMainViewController.swift */,
			);
			path = ViewControllers;
			sourceTree = "<group>";
		};
		D2D1D1AA20D0E48100766351 /* Tab */ = {
			isa = PBXGroup;
			children = (
				D2D1D1AB20D1094800766351 /* SECreateEventViewController.swift */,
				D2D1D1AD20D1096300766351 /* SEMyBookingsViewController.swift */,
				D2D1D1AF20D109C500766351 /* SEMyContactsViewController.swift */,
				D2D1D1C320D2261600766351 /* SEMianTabBarViewController.swift */,
				D2D1D1C520D2316300766351 /* SESettingsViewController.swift */,
			);
			path = Tab;
			sourceTree = "<group>";
		};
		D2D1D1B120D10D5500766351 /* Model */ = {
			isa = PBXGroup;
			children = (
				D2D1D1CB20D3E14700766351 /* SEAttendeesListViewController.swift */,
				D2D1D1B220D10D7F00766351 /* SERoomSearchViewController.swift */,
				D2D1D1B420D10E0800766351 /* SEPeopleSearchViewController.swift */,
				D2D1D1B620D110F400766351 /* SEFilterViewController.swift */,
			);
			path = Model;
			sourceTree = "<group>";
		};
		D2D1D1B820D1200100766351 /* Views */ = {
			isa = PBXGroup;
			children = (
				D2D1D1B920D1200100766351 /* TblViewCells */,
			);
			name = Views;
			sourceTree = "<group>";
		};
		D2D1D1B920D1200100766351 /* TblViewCells */ = {
			isa = PBXGroup;
			children = (
				D2D1D1CE20D3E2B400766351 /* SEAttendeesListCell.swift */,
				D2D1D1CD20D3E2B400766351 /* SEAttendeesListCell.xib */,
				52B679CD20D13F12001D58E8 /* CreateEventCell */,
				D2D1D1BA20D1205B00766351 /* SERoomSearchTableViewCell.swift */,
				D2D1D1BB20D1205B00766351 /* SERoomSearchTableViewCell.xib */,
				F589B8CE20DA6887004A3A18 /* SEMyMeetingsCell.swift */,
				F589B8CF20DA6887004A3A18 /* SEMyMeetingsCell.xib */,
				25AECBE820E3AC570077BBF7 /* SESettingsCell.swift */,
				25AECBE920E3AC570077BBF7 /* SESettingsCell.xib */,
			);
			path = TblViewCells;
			sourceTree = "<group>";
		};
		D2D1D1C020D2251800766351 /* Transitions */ = {
			isa = PBXGroup;
			children = (
				D2D1D1C120D2259900766351 /* SEViewControllerSwitcher.swift */,
			);
			path = Transitions;
			sourceTree = "<group>";
		};
		EEC1CC75226D96D8372A7397 /* Frameworks */ = {
			isa = PBXGroup;
			children = (
				B242EE7E0C2B14867CA56D13 /* Pods_SEiOS.framework */,
				C3DE44BA6EDA7EDB9935905D /* Pods_SEiOSTests.framework */,
				14A1A1458B586C99D4D1F7BF /* Pods_SEiOSUITests.framework */,
			);
			name = Frameworks;
			sourceTree = "<group>";
		};
/* End PBXGroup section */

/* Begin PBXNativeTarget section */
		D23D1DBE20C4FF5A00022CD2 /* SEiOS */ = {
			isa = PBXNativeTarget;
			buildConfigurationList = D23D1DE720C4FF5F00022CD2 /* Build configuration list for PBXNativeTarget "SEiOS" */;
			buildPhases = (
				BE8935CB1EA32D26C4B6A819 /* [CP] Check Pods Manifest.lock */,
				D23D1DBB20C4FF5A00022CD2 /* Sources */,
				D23D1DBC20C4FF5A00022CD2 /* Frameworks */,
				D23D1DBD20C4FF5A00022CD2 /* Resources */,
				EF107F084A837B510CA8F32D /* [CP] Embed Pods Frameworks */,
				43C633BE8EFD0E2296ADB440 /* [CP] Copy Pods Resources */,
			);
			buildRules = (
			);
			dependencies = (
			);
			name = SEiOS;
			productName = SEiOS;
			productReference = D23D1DBF20C4FF5A00022CD2 /* SEiOS.app */;
			productType = "com.apple.product-type.application";
		};
		D23D1DD220C4FF5F00022CD2 /* SEiOSTests */ = {
			isa = PBXNativeTarget;
			buildConfigurationList = D23D1DEA20C4FF5F00022CD2 /* Build configuration list for PBXNativeTarget "SEiOSTests" */;
			buildPhases = (
				4FE9A61E6361101C948F191E /* [CP] Check Pods Manifest.lock */,
				D23D1DCF20C4FF5F00022CD2 /* Sources */,
				D23D1DD020C4FF5F00022CD2 /* Frameworks */,
				D23D1DD120C4FF5F00022CD2 /* Resources */,
			);
			buildRules = (
			);
			dependencies = (
				D23D1DD520C4FF5F00022CD2 /* PBXTargetDependency */,
			);
			name = SEiOSTests;
			productName = SEiOSTests;
			productReference = D23D1DD320C4FF5F00022CD2 /* SEiOSTests.xctest */;
			productType = "com.apple.product-type.bundle.unit-test";
		};
		D23D1DDD20C4FF5F00022CD2 /* SEiOSUITests */ = {
			isa = PBXNativeTarget;
			buildConfigurationList = D23D1DED20C4FF5F00022CD2 /* Build configuration list for PBXNativeTarget "SEiOSUITests" */;
			buildPhases = (
				48277068898E8A7B5217DC61 /* [CP] Check Pods Manifest.lock */,
				D23D1DDA20C4FF5F00022CD2 /* Sources */,
				D23D1DDB20C4FF5F00022CD2 /* Frameworks */,
				D23D1DDC20C4FF5F00022CD2 /* Resources */,
			);
			buildRules = (
			);
			dependencies = (
				D23D1DE020C4FF5F00022CD2 /* PBXTargetDependency */,
			);
			name = SEiOSUITests;
			productName = SEiOSUITests;
			productReference = D23D1DDE20C4FF5F00022CD2 /* SEiOSUITests.xctest */;
			productType = "com.apple.product-type.bundle.ui-testing";
		};
/* End PBXNativeTarget section */

/* Begin PBXProject section */
		D23D1DB720C4FF5A00022CD2 /* Project object */ = {
			isa = PBXProject;
			attributes = {
				CLASSPREFIX = SE;
				LastSwiftUpdateCheck = 0930;
				LastUpgradeCheck = 0930;
				ORGANIZATIONNAME = "InfoVision Labs India Pvt. Ltd.";
				TargetAttributes = {
					D23D1DBE20C4FF5A00022CD2 = {
						CreatedOnToolsVersion = 9.3.1;
					};
					D23D1DD220C4FF5F00022CD2 = {
						CreatedOnToolsVersion = 9.3.1;
						TestTargetID = D23D1DBE20C4FF5A00022CD2;
					};
					D23D1DDD20C4FF5F00022CD2 = {
						CreatedOnToolsVersion = 9.3.1;
						TestTargetID = D23D1DBE20C4FF5A00022CD2;
					};
				};
			};
			buildConfigurationList = D23D1DBA20C4FF5A00022CD2 /* Build configuration list for PBXProject "SEiOS" */;
			compatibilityVersion = "Xcode 9.3";
			developmentRegion = en;
			hasScannedForEncodings = 0;
			knownRegions = (
				en,
				Base,
			);
			mainGroup = D23D1DB620C4FF5A00022CD2;
			productRefGroup = D23D1DC020C4FF5A00022CD2 /* Products */;
			projectDirPath = "";
			projectRoot = "";
			targets = (
				D23D1DBE20C4FF5A00022CD2 /* SEiOS */,
				D23D1DD220C4FF5F00022CD2 /* SEiOSTests */,
				D23D1DDD20C4FF5F00022CD2 /* SEiOSUITests */,
			);
		};
/* End PBXProject section */

/* Begin PBXResourcesBuildPhase section */
		D23D1DBD20C4FF5A00022CD2 /* Resources */ = {
			isa = PBXResourcesBuildPhase;
			buildActionMask = 2147483647;
			files = (
				D2D1D1BF20D124E000766351 /* cr4.jpg in Resources */,
				D2D1D1CF20D3E2B400766351 /* SEAttendeesListCell.xib in Resources */,
				F589B8D120DA6887004A3A18 /* SEMyMeetingsCell.xib in Resources */,
				D2D1D1BD20D1205B00766351 /* SERoomSearchTableViewCell.xib in Resources */,
				EF98358420DCE2BF00353C72 /* SECreateEventDatePickerTableViewCell.xib in Resources */,
				D23D1DCD20C4FF5F00022CD2 /* LaunchScreen.storyboard in Resources */,
				D23D1DCA20C4FF5F00022CD2 /* Assets.xcassets in Resources */,
				25AECBEB20E3AC570077BBF7 /* SESettingsCell.xib in Resources */,
				52B679D320D13F5C001D58E8 /* SECreateEventTableViewCell.xib in Resources */,
				D2D1D1C820D3DE8500766351 /* MeetingRoom.json in Resources */,
				D23D1DC820C4FF5A00022CD2 /* Main.storyboard in Resources */,
			);
			runOnlyForDeploymentPostprocessing = 0;
		};
		D23D1DD120C4FF5F00022CD2 /* Resources */ = {
			isa = PBXResourcesBuildPhase;
			buildActionMask = 2147483647;
			files = (
			);
			runOnlyForDeploymentPostprocessing = 0;
		};
		D23D1DDC20C4FF5F00022CD2 /* Resources */ = {
			isa = PBXResourcesBuildPhase;
			buildActionMask = 2147483647;
			files = (
			);
			runOnlyForDeploymentPostprocessing = 0;
		};
/* End PBXResourcesBuildPhase section */

/* Begin PBXShellScriptBuildPhase section */
		43C633BE8EFD0E2296ADB440 /* [CP] Copy Pods Resources */ = {
			isa = PBXShellScriptBuildPhase;
			buildActionMask = 2147483647;
			files = (
			);
			inputPaths = (
				"${SRCROOT}/Pods/Target Support Files/Pods-SEiOS/Pods-SEiOS-resources.sh",
				"${PODS_CONFIGURATION_BUILD_DIR}/HockeySDK/HockeySDKResources.bundle",
			);
			name = "[CP] Copy Pods Resources";
			outputPaths = (
				"${TARGET_BUILD_DIR}/${UNLOCALIZED_RESOURCES_FOLDER_PATH}/HockeySDKResources.bundle",
			);
			runOnlyForDeploymentPostprocessing = 0;
			shellPath = /bin/sh;
			shellScript = "\"${SRCROOT}/Pods/Target Support Files/Pods-SEiOS/Pods-SEiOS-resources.sh\"\n";
			showEnvVarsInLog = 0;
		};
		48277068898E8A7B5217DC61 /* [CP] Check Pods Manifest.lock */ = {
			isa = PBXShellScriptBuildPhase;
			buildActionMask = 2147483647;
			files = (
			);
			inputPaths = (
				"${PODS_PODFILE_DIR_PATH}/Podfile.lock",
				"${PODS_ROOT}/Manifest.lock",
			);
			name = "[CP] Check Pods Manifest.lock";
			outputPaths = (
				"$(DERIVED_FILE_DIR)/Pods-SEiOSUITests-checkManifestLockResult.txt",
			);
			runOnlyForDeploymentPostprocessing = 0;
			shellPath = /bin/sh;
			shellScript = "diff \"${PODS_PODFILE_DIR_PATH}/Podfile.lock\" \"${PODS_ROOT}/Manifest.lock\" > /dev/null\nif [ $? != 0 ] ; then\n    # print error to STDERR\n    echo \"error: The sandbox is not in sync with the Podfile.lock. Run 'pod install' or update your CocoaPods installation.\" >&2\n    exit 1\nfi\n# This output is used by Xcode 'outputs' to avoid re-running this script phase.\necho \"SUCCESS\" > \"${SCRIPT_OUTPUT_FILE_0}\"\n";
			showEnvVarsInLog = 0;
		};
		4FE9A61E6361101C948F191E /* [CP] Check Pods Manifest.lock */ = {
			isa = PBXShellScriptBuildPhase;
			buildActionMask = 2147483647;
			files = (
			);
			inputPaths = (
				"${PODS_PODFILE_DIR_PATH}/Podfile.lock",
				"${PODS_ROOT}/Manifest.lock",
			);
			name = "[CP] Check Pods Manifest.lock";
			outputPaths = (
				"$(DERIVED_FILE_DIR)/Pods-SEiOSTests-checkManifestLockResult.txt",
			);
			runOnlyForDeploymentPostprocessing = 0;
			shellPath = /bin/sh;
			shellScript = "diff \"${PODS_PODFILE_DIR_PATH}/Podfile.lock\" \"${PODS_ROOT}/Manifest.lock\" > /dev/null\nif [ $? != 0 ] ; then\n    # print error to STDERR\n    echo \"error: The sandbox is not in sync with the Podfile.lock. Run 'pod install' or update your CocoaPods installation.\" >&2\n    exit 1\nfi\n# This output is used by Xcode 'outputs' to avoid re-running this script phase.\necho \"SUCCESS\" > \"${SCRIPT_OUTPUT_FILE_0}\"\n";
			showEnvVarsInLog = 0;
		};
		BE8935CB1EA32D26C4B6A819 /* [CP] Check Pods Manifest.lock */ = {
			isa = PBXShellScriptBuildPhase;
			buildActionMask = 2147483647;
			files = (
			);
			inputPaths = (
				"${PODS_PODFILE_DIR_PATH}/Podfile.lock",
				"${PODS_ROOT}/Manifest.lock",
			);
			name = "[CP] Check Pods Manifest.lock";
			outputPaths = (
				"$(DERIVED_FILE_DIR)/Pods-SEiOS-checkManifestLockResult.txt",
			);
			runOnlyForDeploymentPostprocessing = 0;
			shellPath = /bin/sh;
			shellScript = "diff \"${PODS_PODFILE_DIR_PATH}/Podfile.lock\" \"${PODS_ROOT}/Manifest.lock\" > /dev/null\nif [ $? != 0 ] ; then\n    # print error to STDERR\n    echo \"error: The sandbox is not in sync with the Podfile.lock. Run 'pod install' or update your CocoaPods installation.\" >&2\n    exit 1\nfi\n# This output is used by Xcode 'outputs' to avoid re-running this script phase.\necho \"SUCCESS\" > \"${SCRIPT_OUTPUT_FILE_0}\"\n";
			showEnvVarsInLog = 0;
		};
		EF107F084A837B510CA8F32D /* [CP] Embed Pods Frameworks */ = {
			isa = PBXShellScriptBuildPhase;
			buildActionMask = 2147483647;
			files = (
			);
			inputPaths = (
				"${SRCROOT}/Pods/Target Support Files/Pods-SEiOS/Pods-SEiOS-frameworks.sh",
				"${BUILT_PRODUCTS_DIR}/Alamofire/Alamofire.framework",
				"${BUILT_PRODUCTS_DIR}/MSAL/MSAL.framework",
				"${BUILT_PRODUCTS_DIR}/NXOAuth2Client/NXOAuth2Client.framework",
			);
			name = "[CP] Embed Pods Frameworks";
			outputPaths = (
				"${TARGET_BUILD_DIR}/${FRAMEWORKS_FOLDER_PATH}/Alamofire.framework",
				"${TARGET_BUILD_DIR}/${FRAMEWORKS_FOLDER_PATH}/MSAL.framework",
				"${TARGET_BUILD_DIR}/${FRAMEWORKS_FOLDER_PATH}/NXOAuth2Client.framework",
			);
			runOnlyForDeploymentPostprocessing = 0;
			shellPath = /bin/sh;
			shellScript = "\"${SRCROOT}/Pods/Target Support Files/Pods-SEiOS/Pods-SEiOS-frameworks.sh\"\n";
			showEnvVarsInLog = 0;
		};
/* End PBXShellScriptBuildPhase section */

/* Begin PBXSourcesBuildPhase section */
		D23D1DBB20C4FF5A00022CD2 /* Sources */ = {
			isa = PBXSourcesBuildPhase;
			buildActionMask = 2147483647;
			files = (
				25AECBEA20E3AC570077BBF7 /* SESettingsCell.swift in Sources */,
				D2D1D1BC20D1205B00766351 /* SERoomSearchTableViewCell.swift in Sources */,
				D2D1D1C420D2261600766351 /* SEMianTabBarViewController.swift in Sources */,
				F589B8CB20D918D1004A3A18 /* SEAttendeeUserModel.swift in Sources */,
				D23D1DC320C4FF5A00022CD2 /* AppDelegate.swift in Sources */,
				D2D1D1D020D3E2B400766351 /* SEAttendeesListCell.swift in Sources */,
				D2D1D1B720D110F400766351 /* SEFilterViewController.swift in Sources */,
				D2D1D1B320D10D7F00766351 /* SERoomSearchViewController.swift in Sources */,
				F589B8D320DA6F9E004A3A18 /* SEMyMeetingModel.swift in Sources */,
				EF98358320DCE2BF00353C72 /* SECreateEventDatePickerTableViewCell.swift in Sources */,
				52B679DA20D3A752001D58E8 /* SEGlobalConstant.swift in Sources */,
				D2D1D1A920D0E15000766351 /* SEBaseViewController.swift in Sources */,
				D2D1D1C220D2259900766351 /* SEViewControllerSwitcher.swift in Sources */,
				D2D1D1B520D10E0800766351 /* SEPeopleSearchViewController.swift in Sources */,
				D2D1D1B020D109C500766351 /* SEMyContactsViewController.swift in Sources */,
				D23D1DF820C5040F00022CD2 /* SEMainViewController.swift in Sources */,
				D2D1D1AE20D1096300766351 /* SEMyBookingsViewController.swift in Sources */,
				52B679DC20D3A7B2001D58E8 /* SELocalStoreSharedManager.swift in Sources */,
				52B679D220D13F5C001D58E8 /* SECreateEventTableViewCell.swift in Sources */,
				F589B8D020DA6887004A3A18 /* SEMyMeetingsCell.swift in Sources */,
				52B679DE20D3A933001D58E8 /* SEWebServiceAPI.swift in Sources */,
				D2D1D1AC20D1094800766351 /* SECreateEventViewController.swift in Sources */,
				D2D1D1CC20D3E14700766351 /* SEAttendeesListViewController.swift in Sources */,
				D2D1D1C620D2316300766351 /* SESettingsViewController.swift in Sources */,
			);
			runOnlyForDeploymentPostprocessing = 0;
		};
		D23D1DCF20C4FF5F00022CD2 /* Sources */ = {
			isa = PBXSourcesBuildPhase;
			buildActionMask = 2147483647;
			files = (
				D23D1DD820C4FF5F00022CD2 /* SEiOSTests.swift in Sources */,
			);
			runOnlyForDeploymentPostprocessing = 0;
		};
		D23D1DDA20C4FF5F00022CD2 /* Sources */ = {
			isa = PBXSourcesBuildPhase;
			buildActionMask = 2147483647;
			files = (
				D23D1DE320C4FF5F00022CD2 /* SEiOSUITests.swift in Sources */,
			);
			runOnlyForDeploymentPostprocessing = 0;
		};
/* End PBXSourcesBuildPhase section */

/* Begin PBXTargetDependency section */
		D23D1DD520C4FF5F00022CD2 /* PBXTargetDependency */ = {
			isa = PBXTargetDependency;
			target = D23D1DBE20C4FF5A00022CD2 /* SEiOS */;
			targetProxy = D23D1DD420C4FF5F00022CD2 /* PBXContainerItemProxy */;
		};
		D23D1DE020C4FF5F00022CD2 /* PBXTargetDependency */ = {
			isa = PBXTargetDependency;
			target = D23D1DBE20C4FF5A00022CD2 /* SEiOS */;
			targetProxy = D23D1DDF20C4FF5F00022CD2 /* PBXContainerItemProxy */;
		};
/* End PBXTargetDependency section */

/* Begin PBXVariantGroup section */
		D23D1DC620C4FF5A00022CD2 /* Main.storyboard */ = {
			isa = PBXVariantGroup;
			children = (
				D23D1DC720C4FF5A00022CD2 /* Base */,
			);
			name = Main.storyboard;
			sourceTree = "<group>";
		};
		D23D1DCB20C4FF5F00022CD2 /* LaunchScreen.storyboard */ = {
			isa = PBXVariantGroup;
			children = (
				D23D1DCC20C4FF5F00022CD2 /* Base */,
			);
			name = LaunchScreen.storyboard;
			sourceTree = "<group>";
		};
/* End PBXVariantGroup section */

/* Begin XCBuildConfiguration section */
		D23D1DE520C4FF5F00022CD2 /* Debug */ = {
			isa = XCBuildConfiguration;
			buildSettings = {
				ALWAYS_SEARCH_USER_PATHS = NO;
				CLANG_ANALYZER_NONNULL = YES;
				CLANG_ANALYZER_NUMBER_OBJECT_CONVERSION = YES_AGGRESSIVE;
				CLANG_CXX_LANGUAGE_STANDARD = "gnu++14";
				CLANG_CXX_LIBRARY = "libc++";
				CLANG_ENABLE_MODULES = YES;
				CLANG_ENABLE_OBJC_ARC = YES;
				CLANG_ENABLE_OBJC_WEAK = YES;
				CLANG_WARN_BLOCK_CAPTURE_AUTORELEASING = YES;
				CLANG_WARN_BOOL_CONVERSION = YES;
				CLANG_WARN_COMMA = YES;
				CLANG_WARN_CONSTANT_CONVERSION = YES;
				CLANG_WARN_DEPRECATED_OBJC_IMPLEMENTATIONS = YES;
				CLANG_WARN_DIRECT_OBJC_ISA_USAGE = YES_ERROR;
				CLANG_WARN_DOCUMENTATION_COMMENTS = YES;
				CLANG_WARN_EMPTY_BODY = YES;
				CLANG_WARN_ENUM_CONVERSION = YES;
				CLANG_WARN_INFINITE_RECURSION = YES;
				CLANG_WARN_INT_CONVERSION = YES;
				CLANG_WARN_NON_LITERAL_NULL_CONVERSION = YES;
				CLANG_WARN_OBJC_IMPLICIT_RETAIN_SELF = YES;
				CLANG_WARN_OBJC_LITERAL_CONVERSION = YES;
				CLANG_WARN_OBJC_ROOT_CLASS = YES_ERROR;
				CLANG_WARN_RANGE_LOOP_ANALYSIS = YES;
				CLANG_WARN_STRICT_PROTOTYPES = YES;
				CLANG_WARN_SUSPICIOUS_MOVE = YES;
				CLANG_WARN_UNGUARDED_AVAILABILITY = YES_AGGRESSIVE;
				CLANG_WARN_UNREACHABLE_CODE = YES;
				CLANG_WARN__DUPLICATE_METHOD_MATCH = YES;
				CODE_SIGN_IDENTITY = "iPhone Developer";
				COPY_PHASE_STRIP = NO;
				DEBUG_INFORMATION_FORMAT = dwarf;
				ENABLE_STRICT_OBJC_MSGSEND = YES;
				ENABLE_TESTABILITY = YES;
				GCC_C_LANGUAGE_STANDARD = gnu11;
				GCC_DYNAMIC_NO_PIC = NO;
				GCC_NO_COMMON_BLOCKS = YES;
				GCC_OPTIMIZATION_LEVEL = 0;
				GCC_PREPROCESSOR_DEFINITIONS = (
					"DEBUG=1",
					"$(inherited)",
				);
				GCC_WARN_64_TO_32_BIT_CONVERSION = YES;
				GCC_WARN_ABOUT_RETURN_TYPE = YES_ERROR;
				GCC_WARN_UNDECLARED_SELECTOR = YES;
				GCC_WARN_UNINITIALIZED_AUTOS = YES_AGGRESSIVE;
				GCC_WARN_UNUSED_FUNCTION = YES;
				GCC_WARN_UNUSED_VARIABLE = YES;
				IPHONEOS_DEPLOYMENT_TARGET = 11.3;
				MTL_ENABLE_DEBUG_INFO = YES;
				ONLY_ACTIVE_ARCH = YES;
				SDKROOT = iphoneos;
				SWIFT_ACTIVE_COMPILATION_CONDITIONS = DEBUG;
				SWIFT_OPTIMIZATION_LEVEL = "-Onone";
			};
			name = Debug;
		};
		D23D1DE620C4FF5F00022CD2 /* Release */ = {
			isa = XCBuildConfiguration;
			buildSettings = {
				ALWAYS_SEARCH_USER_PATHS = NO;
				CLANG_ANALYZER_NONNULL = YES;
				CLANG_ANALYZER_NUMBER_OBJECT_CONVERSION = YES_AGGRESSIVE;
				CLANG_CXX_LANGUAGE_STANDARD = "gnu++14";
				CLANG_CXX_LIBRARY = "libc++";
				CLANG_ENABLE_MODULES = YES;
				CLANG_ENABLE_OBJC_ARC = YES;
				CLANG_ENABLE_OBJC_WEAK = YES;
				CLANG_WARN_BLOCK_CAPTURE_AUTORELEASING = YES;
				CLANG_WARN_BOOL_CONVERSION = YES;
				CLANG_WARN_COMMA = YES;
				CLANG_WARN_CONSTANT_CONVERSION = YES;
				CLANG_WARN_DEPRECATED_OBJC_IMPLEMENTATIONS = YES;
				CLANG_WARN_DIRECT_OBJC_ISA_USAGE = YES_ERROR;
				CLANG_WARN_DOCUMENTATION_COMMENTS = YES;
				CLANG_WARN_EMPTY_BODY = YES;
				CLANG_WARN_ENUM_CONVERSION = YES;
				CLANG_WARN_INFINITE_RECURSION = YES;
				CLANG_WARN_INT_CONVERSION = YES;
				CLANG_WARN_NON_LITERAL_NULL_CONVERSION = YES;
				CLANG_WARN_OBJC_IMPLICIT_RETAIN_SELF = YES;
				CLANG_WARN_OBJC_LITERAL_CONVERSION = YES;
				CLANG_WARN_OBJC_ROOT_CLASS = YES_ERROR;
				CLANG_WARN_RANGE_LOOP_ANALYSIS = YES;
				CLANG_WARN_STRICT_PROTOTYPES = YES;
				CLANG_WARN_SUSPICIOUS_MOVE = YES;
				CLANG_WARN_UNGUARDED_AVAILABILITY = YES_AGGRESSIVE;
				CLANG_WARN_UNREACHABLE_CODE = YES;
				CLANG_WARN__DUPLICATE_METHOD_MATCH = YES;
				CODE_SIGN_IDENTITY = "iPhone Developer";
				COPY_PHASE_STRIP = NO;
				DEBUG_INFORMATION_FORMAT = "dwarf-with-dsym";
				ENABLE_NS_ASSERTIONS = NO;
				ENABLE_STRICT_OBJC_MSGSEND = YES;
				GCC_C_LANGUAGE_STANDARD = gnu11;
				GCC_NO_COMMON_BLOCKS = YES;
				GCC_WARN_64_TO_32_BIT_CONVERSION = YES;
				GCC_WARN_ABOUT_RETURN_TYPE = YES_ERROR;
				GCC_WARN_UNDECLARED_SELECTOR = YES;
				GCC_WARN_UNINITIALIZED_AUTOS = YES_AGGRESSIVE;
				GCC_WARN_UNUSED_FUNCTION = YES;
				GCC_WARN_UNUSED_VARIABLE = YES;
				IPHONEOS_DEPLOYMENT_TARGET = 11.3;
				MTL_ENABLE_DEBUG_INFO = NO;
				SDKROOT = iphoneos;
				SWIFT_COMPILATION_MODE = wholemodule;
				SWIFT_OPTIMIZATION_LEVEL = "-O";
				VALIDATE_PRODUCT = YES;
			};
			name = Release;
		};
		D23D1DE820C4FF5F00022CD2 /* Debug */ = {
			isa = XCBuildConfiguration;
			baseConfigurationReference = FC6404E477EC32A496A6EDBE /* Pods-SEiOS.debug.xcconfig */;
			buildSettings = {
				ASSETCATALOG_COMPILER_APPICON_NAME = AppIcon;
				CODE_SIGN_STYLE = Automatic;
				DEVELOPMENT_TEAM = RBL5FW654B;
				INFOPLIST_FILE = SEiOS/Info.plist;
				LD_RUNPATH_SEARCH_PATHS = (
					"$(inherited)",
					"@executable_path/Frameworks",
				);
				PRODUCT_BUNDLE_IDENTIFIER = "InfoVision-Labs-India-Pvt.-Ltd..SEiOS";
				PRODUCT_NAME = "$(TARGET_NAME)";
				SWIFT_VERSION = 4.0;
				TARGETED_DEVICE_FAMILY = "1,2";
			};
			name = Debug;
		};
		D23D1DE920C4FF5F00022CD2 /* Release */ = {
			isa = XCBuildConfiguration;
			baseConfigurationReference = 21212F3FCCE7039416745910 /* Pods-SEiOS.release.xcconfig */;
			buildSettings = {
				ASSETCATALOG_COMPILER_APPICON_NAME = AppIcon;
				CODE_SIGN_STYLE = Automatic;
				DEVELOPMENT_TEAM = RBL5FW654B;
				INFOPLIST_FILE = SEiOS/Info.plist;
				LD_RUNPATH_SEARCH_PATHS = (
					"$(inherited)",
					"@executable_path/Frameworks",
				);
				PRODUCT_BUNDLE_IDENTIFIER = "InfoVision-Labs-India-Pvt.-Ltd..SEiOS";
				PRODUCT_NAME = "$(TARGET_NAME)";
				SWIFT_VERSION = 4.0;
				TARGETED_DEVICE_FAMILY = "1,2";
			};
			name = Release;
		};
		D23D1DEB20C4FF5F00022CD2 /* Debug */ = {
			isa = XCBuildConfiguration;
			baseConfigurationReference = 7919B5C3A51BDCB724E014E3 /* Pods-SEiOSTests.debug.xcconfig */;
			buildSettings = {
				ALWAYS_EMBED_SWIFT_STANDARD_LIBRARIES = YES;
				BUNDLE_LOADER = "$(TEST_HOST)";
				CODE_SIGN_STYLE = Automatic;
				DEVELOPMENT_TEAM = RBL5FW654B;
				INFOPLIST_FILE = SEiOSTests/Info.plist;
				LD_RUNPATH_SEARCH_PATHS = (
					"$(inherited)",
					"@executable_path/Frameworks",
					"@loader_path/Frameworks",
				);
				PRODUCT_BUNDLE_IDENTIFIER = "InfoVision-Labs-India-Pvt.-Ltd..SEiOSTests";
				PRODUCT_NAME = "$(TARGET_NAME)";
				SWIFT_VERSION = 4.0;
				TARGETED_DEVICE_FAMILY = "1,2";
				TEST_HOST = "$(BUILT_PRODUCTS_DIR)/SEiOS.app/SEiOS";
			};
			name = Debug;
		};
		D23D1DEC20C4FF5F00022CD2 /* Release */ = {
			isa = XCBuildConfiguration;
			baseConfigurationReference = D37B88C6C5AC4F9A0564C21B /* Pods-SEiOSTests.release.xcconfig */;
			buildSettings = {
				ALWAYS_EMBED_SWIFT_STANDARD_LIBRARIES = YES;
				BUNDLE_LOADER = "$(TEST_HOST)";
				CODE_SIGN_STYLE = Automatic;
				DEVELOPMENT_TEAM = RBL5FW654B;
				INFOPLIST_FILE = SEiOSTests/Info.plist;
				LD_RUNPATH_SEARCH_PATHS = (
					"$(inherited)",
					"@executable_path/Frameworks",
					"@loader_path/Frameworks",
				);
				PRODUCT_BUNDLE_IDENTIFIER = "InfoVision-Labs-India-Pvt.-Ltd..SEiOSTests";
				PRODUCT_NAME = "$(TARGET_NAME)";
				SWIFT_VERSION = 4.0;
				TARGETED_DEVICE_FAMILY = "1,2";
				TEST_HOST = "$(BUILT_PRODUCTS_DIR)/SEiOS.app/SEiOS";
			};
			name = Release;
		};
		D23D1DEE20C4FF5F00022CD2 /* Debug */ = {
			isa = XCBuildConfiguration;
			baseConfigurationReference = B27996B3673C0927BC5DB12D /* Pods-SEiOSUITests.debug.xcconfig */;
			buildSettings = {
				ALWAYS_EMBED_SWIFT_STANDARD_LIBRARIES = YES;
				CODE_SIGN_STYLE = Automatic;
				DEVELOPMENT_TEAM = RBL5FW654B;
				INFOPLIST_FILE = SEiOSUITests/Info.plist;
				LD_RUNPATH_SEARCH_PATHS = (
					"$(inherited)",
					"@executable_path/Frameworks",
					"@loader_path/Frameworks",
				);
				PRODUCT_BUNDLE_IDENTIFIER = "InfoVision-Labs-India-Pvt.-Ltd..SEiOSUITests";
				PRODUCT_NAME = "$(TARGET_NAME)";
				SWIFT_VERSION = 4.0;
				TARGETED_DEVICE_FAMILY = "1,2";
				TEST_TARGET_NAME = SEiOS;
			};
			name = Debug;
		};
		D23D1DEF20C4FF5F00022CD2 /* Release */ = {
			isa = XCBuildConfiguration;
			baseConfigurationReference = 7D4D89B50BB51904B6CF9B21 /* Pods-SEiOSUITests.release.xcconfig */;
			buildSettings = {
				ALWAYS_EMBED_SWIFT_STANDARD_LIBRARIES = YES;
				CODE_SIGN_STYLE = Automatic;
				DEVELOPMENT_TEAM = RBL5FW654B;
				INFOPLIST_FILE = SEiOSUITests/Info.plist;
				LD_RUNPATH_SEARCH_PATHS = (
					"$(inherited)",
					"@executable_path/Frameworks",
					"@loader_path/Frameworks",
				);
				PRODUCT_BUNDLE_IDENTIFIER = "InfoVision-Labs-India-Pvt.-Ltd..SEiOSUITests";
				PRODUCT_NAME = "$(TARGET_NAME)";
				SWIFT_VERSION = 4.0;
				TARGETED_DEVICE_FAMILY = "1,2";
				TEST_TARGET_NAME = SEiOS;
			};
			name = Release;
		};
/* End XCBuildConfiguration section */

/* Begin XCConfigurationList section */
		D23D1DBA20C4FF5A00022CD2 /* Build configuration list for PBXProject "SEiOS" */ = {
			isa = XCConfigurationList;
			buildConfigurations = (
				D23D1DE520C4FF5F00022CD2 /* Debug */,
				D23D1DE620C4FF5F00022CD2 /* Release */,
			);
			defaultConfigurationIsVisible = 0;
			defaultConfigurationName = Release;
		};
		D23D1DE720C4FF5F00022CD2 /* Build configuration list for PBXNativeTarget "SEiOS" */ = {
			isa = XCConfigurationList;
			buildConfigurations = (
				D23D1DE820C4FF5F00022CD2 /* Debug */,
				D23D1DE920C4FF5F00022CD2 /* Release */,
			);
			defaultConfigurationIsVisible = 0;
			defaultConfigurationName = Release;
		};
		D23D1DEA20C4FF5F00022CD2 /* Build configuration list for PBXNativeTarget "SEiOSTests" */ = {
			isa = XCConfigurationList;
			buildConfigurations = (
				D23D1DEB20C4FF5F00022CD2 /* Debug */,
				D23D1DEC20C4FF5F00022CD2 /* Release */,
			);
			defaultConfigurationIsVisible = 0;
			defaultConfigurationName = Release;
		};
		D23D1DED20C4FF5F00022CD2 /* Build configuration list for PBXNativeTarget "SEiOSUITests" */ = {
			isa = XCConfigurationList;
			buildConfigurations = (
				D23D1DEE20C4FF5F00022CD2 /* Debug */,
				D23D1DEF20C4FF5F00022CD2 /* Release */,
			);
			defaultConfigurationIsVisible = 0;
			defaultConfigurationName = Release;
		};
/* End XCConfigurationList section */
	};
	rootObject = D23D1DB720C4FF5A00022CD2 /* Project object */;
}
